
Microsoft Visual Studio Solution File, Format Version 12.00
# Visual Studio Version 16
VisualStudioVersion = 16.0.29920.165
MinimumVisualStudioVersion = 10.0.40219.1
Project("{FAE04EC0-301F-11D3-BF4B-00C04F79EFBC}") = "The_tool_of_Automatic_design_ver1.0", "The_tool_of_Automatic_design_ver1.0\The_tool_of_Automatic_design_ver1.0.csproj", "{8CB1400C-FCE4-4849-B2B4-50CCEB526037}"
EndProject
Global
	GlobalSection(SolutionConfigurationPlatforms) = preSolution
		Debug|Any CPU = Debug|Any CPU
		Release|Any CPU = Release|Any CPU
	EndGlobalSection
	GlobalSection(ProjectConfigurationPlatforms) = postSolution
		{8CB1400C-FCE4-4849-B2B4-50CCEB526037}.Debug|Any CPU.ActiveCfg = Debug|Any CPU
		{8CB1400C-FCE4-4849-B2B4-50CCEB526037}.Debug|Any CPU.Build.0 = Debug|Any CPU
		{8CB1400C-FCE4-4849-B2B4-50CCEB526037}.Release|Any CPU.ActiveCfg = Release|Any CPU
		{8CB1400C-FCE4-4849-B2B4-50CCEB526037}.Release|Any CPU.Build.0 = Release|Any CPU
	EndGlobalSection
	GlobalSection(SolutionProperties) = preSolution
		HideSolutionNode = FALSE
	EndGlobalSection
	GlobalSection(ExtensibilityGlobals) = postSolution
		SolutionGuid = {DCF042DF-25EF-4EE2-9869-95085D09BD62}
	EndGlobalSection
EndGlobal
